
Microsoft Visual Studio Solution File, Format Version 12.00
Project("{FAE04EC0-301F-11D3-BF4B-00C04F79EFBC}") = "TypeFaster", "TypeFaster\TypeFaster.csproj", "{F2E6AC3D-0174-47AC-84CD-80EF6B9F9EFD}"
EndProject
Global
	GlobalSection(SolutionConfigurationPlatforms) = preSolution
		Debug|Any CPU = Debug|Any CPU
		Release|Any CPU = Release|Any CPU
	EndGlobalSection
	GlobalSection(ProjectConfigurationPlatforms) = postSolution
		{F2E6AC3D-0174-47AC-84CD-80EF6B9F9EFD}.Debug|Any CPU.ActiveCfg = Debug|Any CPU
		{F2E6AC3D-0174-47AC-84CD-80EF6B9F9EFD}.Debug|Any CPU.Build.0 = Debug|Any CPU
		{F2E6AC3D-0174-47AC-84CD-80EF6B9F9EFD}.Release|Any CPU.ActiveCfg = Release|Any CPU
		{F2E6AC3D-0174-47AC-84CD-80EF6B9F9EFD}.Release|Any CPU.Build.0 = Release|Any CPU
	EndGlobalSection
EndGlobal
